PODS:
  - AppCheckCore (11.2.0):
    - GoogleUtilities/Environment (~> 8.0)
    - GoogleUtilities/UserDefaults (~> 8.0)
    - PromisesObjC (~> 2.4)
  - boost (1.76.0)
  - breez_sdk_liquid (0.11.2):
    - BreezSDKLiquid (= 0.11.2)
    - React-Core
  - breez_sdk_liquidFFI (0.11.2)
  - BreezSDKLiquid (0.11.2):
    - breez_sdk_liquidFFI (= 0.11.2)
  - BVLinearGradient (2.8.3):
    - React-Core
  - DoubleConversion (1.1.6)
  - FBLazyVector (0.72.9)
  - FBReactNativeSpec (0.72.9):
    - RCT-Folly (= 2021.07.22.00)
    - RCTRequired (= 0.72.9)
    - RCTTypeSafety (= 0.72.9)
    - React-Core (= 0.72.9)
    - React-jsi (= 0.72.9)
    - ReactCommon/turbomodule/core (= 0.72.9)
  - Firebase/AnalyticsWithoutAdIdSupport (11.12.0):
    - Firebase/CoreOnly
    - FirebaseAnalytics/WithoutAdIdSupport (~> 11.12.0)
  - Firebase/AppCheck (11.12.0):
    - Firebase/CoreOnly
    - FirebaseAppCheck (~> 11.12.0)
  - Firebase/CoreOnly (11.12.0):
    - FirebaseCore (~> 11.12.0)
  - Firebase/Crashlytics (11.12.0):
    - Firebase/CoreOnly
    - FirebaseCrashlytics (~> 11.12.0)
  - Firebase/Messaging (11.12.0):
    - Firebase/CoreOnly
    - FirebaseMessaging (~> 11.12.0)
  - Firebase/Performance (11.12.0):
    - Firebase/CoreOnly
    - FirebasePerformance (~> 11.12.0)
  - Firebase/RemoteConfig (11.12.0):
    - Firebase/CoreOnly
    - FirebaseRemoteConfig (~> 11.12.0)
  - FirebaseABTesting (11.12.0):
    - FirebaseCore (~> 11.12.0)
  - FirebaseAnalytics/WithoutAdIdSupport (11.12.0):
    - FirebaseCore (~> 11.12.0)
    - FirebaseInstallations (~> 11.0)
    - GoogleAppMeasurement/WithoutAdIdSupport (= 11.12.0)
    - GoogleUtilities/AppDelegateSwizzler (~> 8.0)
    - GoogleUtilities/MethodSwizzler (~> 8.0)
    - GoogleUtilities/Network (~> 8.0)
    - "GoogleUtilities/NSData+zlib (~> 8.0)"
    - nanopb (~> 3.30910.0)
  - FirebaseAppCheck (11.12.0):
    - AppCheckCore (~> 11.0)
    - FirebaseAppCheckInterop (~> 11.0)
    - FirebaseCore (~> 11.12.0)
    - GoogleUtilities/Environment (~> 8.0)
    - GoogleUtilities/UserDefaults (~> 8.0)
  - FirebaseAppCheckInterop (11.15.0)
  - FirebaseCore (11.12.0):
    - FirebaseCoreInternal (~> 11.12.0)
    - GoogleUtilities/Environment (~> 8.0)
    - GoogleUtilities/Logger (~> 8.0)
  - FirebaseCoreExtension (11.12.0):
    - FirebaseCore (~> 11.12.0)
  - FirebaseCoreInternal (11.12.0):
    - "GoogleUtilities/NSData+zlib (~> 8.0)"
  - FirebaseCrashlytics (11.12.0):
    - FirebaseCore (~> 11.12.0)
    - FirebaseInstallations (~> 11.0)
    - FirebaseRemoteConfigInterop (~> 11.0)
    - FirebaseSessions (~> 11.0)
    - GoogleDataTransport (~> 10.0)
    - GoogleUtilities/Environment (~> 8.0)
    - nanopb (~> 3.30910.0)
    - PromisesObjC (~> 2.4)
  - FirebaseInstallations (11.12.0):
    - FirebaseCore (~> 11.12.0)
    - GoogleUtilities/Environment (~> 8.0)
    - GoogleUtilities/UserDefaults (~> 8.0)
    - PromisesObjC (~> 2.4)
  - FirebaseMessaging (11.12.0):
    - FirebaseCore (~> 11.12.0)
    - FirebaseInstallations (~> 11.0)
    - GoogleDataTransport (~> 10.0)
    - GoogleUtilities/AppDelegateSwizzler (~> 8.0)
    - GoogleUtilities/Environment (~> 8.0)
    - GoogleUtilities/Reachability (~> 8.0)
    - GoogleUtilities/UserDefaults (~> 8.0)
    - nanopb (~> 3.30910.0)
  - FirebasePerformance (11.12.0):
    - FirebaseCore (~> 11.12.0)
    - FirebaseInstallations (~> 11.0)
    - FirebaseRemoteConfig (~> 11.0)
    - FirebaseSessions (~> 11.0)
    - GoogleDataTransport (~> 10.0)
    - GoogleUtilities/Environment (~> 8.0)
    - GoogleUtilities/MethodSwizzler (~> 8.0)
    - GoogleUtilities/UserDefaults (~> 8.0)
    - nanopb (~> 3.30910.0)
  - FirebaseRemoteConfig (11.12.0):
    - FirebaseABTesting (~> 11.0)
    - FirebaseCore (~> 11.12.0)
    - FirebaseInstallations (~> 11.0)
    - FirebaseRemoteConfigInterop (~> 11.0)
    - FirebaseSharedSwift (~> 11.0)
    - GoogleUtilities/Environment (~> 8.0)
    - "GoogleUtilities/NSData+zlib (~> 8.0)"
  - FirebaseRemoteConfigInterop (11.15.0)
  - FirebaseSessions (11.12.0):
    - FirebaseCore (~> 11.12.0)
    - FirebaseCoreExtension (~> 11.12.0)
    - FirebaseInstallations (~> 11.0)
    - GoogleDataTransport (~> 10.0)
    - GoogleUtilities/Environment (~> 8.0)
    - GoogleUtilities/UserDefaults (~> 8.0)
    - nanopb (~> 3.30910.0)
    - PromisesSwift (~> 2.1)
  - FirebaseSharedSwift (11.15.0)
  - fmt (6.2.1)
  - glog (0.3.5)
  - GoogleAppMeasurement/WithoutAdIdSupport (11.12.0):
    - GoogleUtilities/AppDelegateSwizzler (~> 8.0)
    - GoogleUtilities/MethodSwizzler (~> 8.0)
    - GoogleUtilities/Network (~> 8.0)
    - "GoogleUtilities/NSData+zlib (~> 8.0)"
    - nanopb (~> 3.30910.0)
  - GoogleDataTransport (10.1.0):
    - nanopb (~> 3.30910.0)
    - PromisesObjC (~> 2.4)
  - GoogleUtilities/AppDelegateSwizzler (8.1.0):
    - GoogleUtilities/Environment
    - GoogleUtilities/Logger
    - GoogleUtilities/Network
    - GoogleUtilities/Privacy
  - GoogleUtilities/Environment (8.1.0):
    - GoogleUtilities/Privacy
  - GoogleUtilities/Logger (8.1.0):
    - GoogleUtilities/Environment
    - GoogleUtilities/Privacy
  - GoogleUtilities/MethodSwizzler (8.1.0):
    - GoogleUtilities/Logger
    - GoogleUtilities/Privacy
  - GoogleUtilities/Network (8.1.0):
    - GoogleUtilities/Logger
    - "GoogleUtilities/NSData+zlib"
    - GoogleUtilities/Privacy
    - GoogleUtilities/Reachability
  - "GoogleUtilities/NSData+zlib (8.1.0)":
    - GoogleUtilities/Privacy
  - GoogleUtilities/Privacy (8.1.0)
  - GoogleUtilities/Reachability (8.1.0):
    - GoogleUtilities/Logger
    - GoogleUtilities/Privacy
  - GoogleUtilities/UserDefaults (8.1.0):
    - GoogleUtilities/Logger
    - GoogleUtilities/Privacy
  - GT3Captcha-iOS (0.15.9)
  - hermes-engine (0.72.9):
    - hermes-engine/Pre-built (= 0.72.9)
  - hermes-engine/Pre-built (0.72.9)
  - libevent (2.1.12)
  - nanopb (3.30910.0):
    - nanopb/decode (= 3.30910.0)
    - nanopb/encode (= 3.30910.0)
  - nanopb/decode (3.30910.0)
  - nanopb/encode (3.30910.0)
  - OpenSSL-Universal (3.3.3001)
  - PromisesObjC (2.4.0)
  - PromisesSwift (2.4.0):
    - PromisesObjC (= 2.4.0)
  - RCT-Folly (2021.07.22.00):
    - boost
    - DoubleConversion
    - fmt (~> 6.2.1)
    - glog
    - RCT-Folly/Default (= 2021.07.22.00)
  - RCT-Folly/Default (2021.07.22.00):
    - boost
    - DoubleConversion
    - fmt (~> 6.2.1)
    - glog
  - RCT-Folly/Futures (2021.07.22.00):
    - boost
    - DoubleConversion
    - fmt (~> 6.2.1)
    - glog
    - libevent
  - RCTRequired (0.72.9)
  - RCTTypeSafety (0.72.9):
    - FBLazyVector (= 0.72.9)
    - RCTRequired (= 0.72.9)
    - React-Core (= 0.72.9)
  - React (0.72.9):
    - React-Core (= 0.72.9)
    - React-Core/DevSupport (= 0.72.9)
    - React-Core/RCTWebSocket (= 0.72.9)
    - React-RCTActionSheet (= 0.72.9)
    - React-RCTAnimation (= 0.72.9)
    - React-RCTBlob (= 0.72.9)
    - React-RCTImage (= 0.72.9)
    - React-RCTLinking (= 0.72.9)
    - React-RCTNetwork (= 0.72.9)
    - React-RCTSettings (= 0.72.9)
    - React-RCTText (= 0.72.9)
    - React-RCTVibration (= 0.72.9)
  - React-callinvoker (0.72.9)
  - React-Codegen (0.72.9):
    - DoubleConversion
    - FBReactNativeSpec
    - glog
    - hermes-engine
    - RCT-Folly
    - RCTRequired
    - RCTTypeSafety
    - React-Core
    - React-jsi
    - React-jsiexecutor
    - React-NativeModulesApple
    - React-rncore
    - ReactCommon/turbomodule/bridging
    - ReactCommon/turbomodule/core
  - React-Core (0.72.9):
    - glog
    - hermes-engine
    - RCT-Folly (= 2021.07.22.00)
    - React-Core/Default (= 0.72.9)
    - React-cxxreact
    - React-hermes
    - React-jsi
    - React-jsiexecutor
    - React-perflogger
    - React-runtimeexecutor
    - React-utils
    - SocketRocket (= 0.6.1)
    - Yoga
  - React-Core/CoreModulesHeaders (0.72.9):
    - glog
    - hermes-engine
    - RCT-Folly (= 2021.07.22.00)
    - React-Core/Default
    - React-cxxreact
    - React-hermes
    - React-jsi
    - React-jsiexecutor
    - React-perflogger
    - React-runtimeexecutor
    - React-utils
    - SocketRocket (= 0.6.1)
    - Yoga
  - React-Core/Default (0.72.9):
    - glog
    - hermes-engine
    - RCT-Folly (= 2021.07.22.00)
    - React-cxxreact
    - React-hermes
    - React-jsi
    - React-jsiexecutor
    - React-perflogger
    - React-runtimeexecutor
    - React-utils
    - SocketRocket (= 0.6.1)
    - Yoga
  - React-Core/DevSupport (0.72.9):
    - glog
    - hermes-engine
    - RCT-Folly (= 2021.07.22.00)
    - React-Core/Default (= 0.72.9)
    - React-Core/RCTWebSocket (= 0.72.9)
    - React-cxxreact
    - React-hermes
    - React-jsi
    - React-jsiexecutor
    - React-jsinspector (= 0.72.9)
    - React-perflogger
    - React-runtimeexecutor
    - React-utils
    - SocketRocket (= 0.6.1)
    - Yoga
  - React-Core/RCTActionSheetHeaders (0.72.9):
    - glog
    - hermes-engine
    - RCT-Folly (= 2021.07.22.00)
    - React-Core/Default
    - React-cxxreact
    - React-hermes
    - React-jsi
    - React-jsiexecutor
    - React-perflogger
    - React-runtimeexecutor
    - React-utils
    - SocketRocket (= 0.6.1)
    - Yoga
  - React-Core/RCTAnimationHeaders (0.72.9):
    - glog
    - hermes-engine
    - RCT-Folly (= 2021.07.22.00)
    - React-Core/Default
    - React-cxxreact
    - React-hermes
    - React-jsi
    - React-jsiexecutor
    - React-perflogger
    - React-runtimeexecutor
    - React-utils
    - SocketRocket (= 0.6.1)
    - Yoga
  - React-Core/RCTBlobHeaders (0.72.9):
    - glog
    - hermes-engine
    - RCT-Folly (= 2021.07.22.00)
    - React-Core/Default
    - React-cxxreact
    - React-hermes
    - React-jsi
    - React-jsiexecutor
    - React-perflogger
    - React-runtimeexecutor
    - React-utils
    - SocketRocket (= 0.6.1)
    - Yoga
  - React-Core/RCTImageHeaders (0.72.9):
    - glog
    - hermes-engine
    - RCT-Folly (= 2021.07.22.00)
    - React-Core/Default
    - React-cxxreact
    - React-hermes
    - React-jsi
    - React-jsiexecutor
    - React-perflogger
    - React-runtimeexecutor
    - React-utils
    - SocketRocket (= 0.6.1)
    - Yoga
  - React-Core/RCTLinkingHeaders (0.72.9):
    - glog
    - hermes-engine
    - RCT-Folly (= 2021.07.22.00)
    - React-Core/Default
    - React-cxxreact
    - React-hermes
    - React-jsi
    - React-jsiexecutor
    - React-perflogger
    - React-runtimeexecutor
    - React-utils
    - SocketRocket (= 0.6.1)
    - Yoga
  - React-Core/RCTNetworkHeaders (0.72.9):
    - glog
    - hermes-engine
    - RCT-Folly (= 2021.07.22.00)
    - React-Core/Default
    - React-cxxreact
    - React-hermes
    - React-jsi
    - React-jsiexecutor
    - React-perflogger
    - React-runtimeexecutor
    - React-utils
    - SocketRocket (= 0.6.1)
    - Yoga
  - React-Core/RCTSettingsHeaders (0.72.9):
    - glog
    - hermes-engine
    - RCT-Folly (= 2021.07.22.00)
    - React-Core/Default
    - React-cxxreact
    - React-hermes
    - React-jsi
    - React-jsiexecutor
    - React-perflogger
    - React-runtimeexecutor
    - React-utils
    - SocketRocket (= 0.6.1)
    - Yoga
  - React-Core/RCTTextHeaders (0.72.9):
    - glog
    - hermes-engine
    - RCT-Folly (= 2021.07.22.00)
    - React-Core/Default
    - React-cxxreact
    - React-hermes
    - React-jsi
    - React-jsiexecutor
    - React-perflogger
    - React-runtimeexecutor
    - React-utils
    - SocketRocket (= 0.6.1)
    - Yoga
  - React-Core/RCTVibrationHeaders (0.72.9):
    - glog
    - hermes-engine
    - RCT-Folly (= 2021.07.22.00)
    - React-Core/Default
    - React-cxxreact
    - React-hermes
    - React-jsi
    - React-jsiexecutor
    - React-perflogger
    - React-runtimeexecutor
    - React-utils
    - SocketRocket (= 0.6.1)
    - Yoga
  - React-Core/RCTWebSocket (0.72.9):
    - glog
    - hermes-engine
    - RCT-Folly (= 2021.07.22.00)
    - React-Core/Default (= 0.72.9)
    - React-cxxreact
    - React-hermes
    - React-jsi
    - React-jsiexecutor
    - React-perflogger
    - React-runtimeexecutor
    - React-utils
    - SocketRocket (= 0.6.1)
    - Yoga
  - React-CoreModules (0.72.9):
    - RCT-Folly (= 2021.07.22.00)
    - RCTTypeSafety (= 0.72.9)
    - React-Codegen (= 0.72.9)
    - React-Core/CoreModulesHeaders (= 0.72.9)
    - React-jsi (= 0.72.9)
    - React-RCTBlob
    - React-RCTImage (= 0.72.9)
    - ReactCommon/turbomodule/core (= 0.72.9)
    - SocketRocket (= 0.6.1)
  - React-cxxreact (0.72.9):
    - boost (= 1.76.0)
    - DoubleConversion
    - glog
    - hermes-engine
    - RCT-Folly (= 2021.07.22.00)
    - React-callinvoker (= 0.72.9)
    - React-debug (= 0.72.9)
    - React-jsi (= 0.72.9)
    - React-jsinspector (= 0.72.9)
    - React-logger (= 0.72.9)
    - React-perflogger (= 0.72.9)
    - React-runtimeexecutor (= 0.72.9)
  - React-debug (0.72.9)
  - React-hermes (0.72.9):
    - DoubleConversion
    - glog
    - hermes-engine
    - RCT-Folly (= 2021.07.22.00)
    - RCT-Folly/Futures (= 2021.07.22.00)
    - React-cxxreact (= 0.72.9)
    - React-jsi
    - React-jsiexecutor (= 0.72.9)
    - React-jsinspector (= 0.72.9)
    - React-perflogger (= 0.72.9)
  - React-jsi (0.72.9):
    - boost (= 1.76.0)
    - DoubleConversion
    - glog
    - hermes-engine
    - RCT-Folly (= 2021.07.22.00)
  - React-jsiexecutor (0.72.9):
    - DoubleConversion
    - glog
    - hermes-engine
    - RCT-Folly (= 2021.07.22.00)
    - React-cxxreact (= 0.72.9)
    - React-jsi (= 0.72.9)
    - React-perflogger (= 0.72.9)
  - React-jsinspector (0.72.9)
  - React-logger (0.72.9):
    - glog
  - react-native-aes (2.0.0):
    - React-Core
  - react-native-config (1.5.1):
    - react-native-config/App (= 1.5.1)
  - react-native-config/App (1.5.1):
    - React-Core
  - react-native-date-picker (5.0.7):
    - React-Core
  - react-native-document-picker (9.1.0):
    - React-Core
  - react-native-fingerprint-scanner (6.0.0):
    - React
  - react-native-geetest-module (0.1.5):
    - GT3Captcha-iOS
    - React-Core
  - react-native-get-random-values (1.10.0):
    - React-Core
  - react-native-html-to-pdf (0.12.0):
    - React-Core
  - react-native-image-picker (7.1.0):
    - RCT-Folly (= 2021.07.22.00)
    - React-Core
  - react-native-in-app-review (4.3.3):
    - React-Core
  - react-native-maps (1.9.0):
    - React-Core
  - react-native-nfc-manager (3.14.12):
    - React-Core
  - react-native-pager-view (6.2.3):
    - RCT-Folly (= 2021.07.22.00)
    - React-Core
  - react-native-quick-crypto (0.7.4):
    - OpenSSL-Universal
    - RCT-Folly (= 2021.07.22.00)
    - React
    - React-Core
  - react-native-randombytes (3.6.1):
    - React-Core
  - react-native-safe-area-context (4.8.2):
    - React-Core
  - react-native-secure-key-store (2.0.10):
    - React-Core
  - react-native-slider (4.5.0):
    - RCT-Folly (= 2021.07.22.00)
    - React-Core
  - react-native-video (5.2.1):
    - React-Core
    - react-native-video/Video (= 5.2.1)
  - react-native-video/Video (5.2.1):
    - React-Core
  - react-native-view-shot (3.8.0):
    - React-Core
  - react-native-webview (13.8.1):
    - RCT-Folly (= 2021.07.22.00)
    - React-Core
  - React-NativeModulesApple (0.72.9):
    - hermes-engine
    - React-callinvoker
    - React-Core
    - React-cxxreact
    - React-jsi
    - React-runtimeexecutor
    - ReactCommon/turbomodule/bridging
    - ReactCommon/turbomodule/core
  - React-perflogger (0.72.9)
  - React-RCTActionSheet (0.72.9):
    - React-Core/RCTActionSheetHeaders (= 0.72.9)
  - React-RCTAnimation (0.72.9):
    - RCT-Folly (= 2021.07.22.00)
    - RCTTypeSafety (= 0.72.9)
    - React-Codegen (= 0.72.9)
    - React-Core/RCTAnimationHeaders (= 0.72.9)
    - React-jsi (= 0.72.9)
    - ReactCommon/turbomodule/core (= 0.72.9)
  - React-RCTAppDelegate (0.72.9):
    - RCT-Folly
    - RCTRequired
    - RCTTypeSafety
    - React-Core
    - React-CoreModules
    - React-hermes
    - React-NativeModulesApple
    - React-RCTImage
    - React-RCTNetwork
    - React-runtimescheduler
    - ReactCommon/turbomodule/core
  - React-RCTBlob (0.72.9):
    - hermes-engine
    - RCT-Folly (= 2021.07.22.00)
    - React-Codegen (= 0.72.9)
    - React-Core/RCTBlobHeaders (= 0.72.9)
    - React-Core/RCTWebSocket (= 0.72.9)
    - React-jsi (= 0.72.9)
    - React-RCTNetwork (= 0.72.9)
    - ReactCommon/turbomodule/core (= 0.72.9)
  - React-RCTImage (0.72.9):
    - RCT-Folly (= 2021.07.22.00)
    - RCTTypeSafety (= 0.72.9)
    - React-Codegen (= 0.72.9)
    - React-Core/RCTImageHeaders (= 0.72.9)
    - React-jsi (= 0.72.9)
    - React-RCTNetwork (= 0.72.9)
    - ReactCommon/turbomodule/core (= 0.72.9)
  - React-RCTLinking (0.72.9):
    - React-Codegen (= 0.72.9)
    - React-Core/RCTLinkingHeaders (= 0.72.9)
    - React-jsi (= 0.72.9)
    - ReactCommon/turbomodule/core (= 0.72.9)
  - React-RCTNetwork (0.72.9):
    - RCT-Folly (= 2021.07.22.00)
    - RCTTypeSafety (= 0.72.9)
    - React-Codegen (= 0.72.9)
    - React-Core/RCTNetworkHeaders (= 0.72.9)
    - React-jsi (= 0.72.9)
    - ReactCommon/turbomodule/core (= 0.72.9)
  - React-RCTSettings (0.72.9):
    - RCT-Folly (= 2021.07.22.00)
    - RCTTypeSafety (= 0.72.9)
    - React-Codegen (= 0.72.9)
    - React-Core/RCTSettingsHeaders (= 0.72.9)
    - React-jsi (= 0.72.9)
    - ReactCommon/turbomodule/core (= 0.72.9)
  - React-RCTText (0.72.9):
    - React-Core/RCTTextHeaders (= 0.72.9)
  - React-RCTVibration (0.72.9):
    - RCT-Folly (= 2021.07.22.00)
    - React-Codegen (= 0.72.9)
    - React-Core/RCTVibrationHeaders (= 0.72.9)
    - React-jsi (= 0.72.9)
    - ReactCommon/turbomodule/core (= 0.72.9)
  - React-rncore (0.72.9)
  - React-runtimeexecutor (0.72.9):
    - React-jsi (= 0.72.9)
  - React-runtimescheduler (0.72.9):
    - glog
    - hermes-engine
    - RCT-Folly (= 2021.07.22.00)
    - React-callinvoker
    - React-debug
    - React-jsi
    - React-runtimeexecutor
  - React-utils (0.72.9):
    - glog
    - RCT-Folly (= 2021.07.22.00)
    - React-debug
  - ReactCommon/turbomodule/bridging (0.72.9):
    - DoubleConversion
    - glog
    - hermes-engine
    - RCT-Folly (= 2021.07.22.00)
    - React-callinvoker (= 0.72.9)
    - React-cxxreact (= 0.72.9)
    - React-jsi (= 0.72.9)
    - React-logger (= 0.72.9)
    - React-perflogger (= 0.72.9)
  - ReactCommon/turbomodule/core (0.72.9):
    - DoubleConversion
    - glog
    - hermes-engine
    - RCT-Folly (= 2021.07.22.00)
    - React-callinvoker (= 0.72.9)
    - React-cxxreact (= 0.72.9)
    - React-jsi (= 0.72.9)
    - React-logger (= 0.72.9)
    - React-perflogger (= 0.72.9)
  - RNBootSplash (4.7.5):
    - React-Core
  - RNCAsyncStorage (1.21.0):
    - React-Core
  - RNCClipboard (1.13.2):
    - React-Core
  - RNDateTimePicker (6.7.5):
    - React-Core
  - RNDeviceInfo (10.12.0):
    - React-Core
  - RNFBAnalytics (22.2.0):
    - Firebase/AnalyticsWithoutAdIdSupport (= 11.12.0)
    - React-Core
    - RNFBApp
  - RNFBApp (22.2.0):
    - Firebase/CoreOnly (= 11.12.0)
    - React-Core
  - RNFBAppCheck (22.2.0):
    - Firebase/AppCheck (= 11.12.0)
    - React-Core
    - RNFBApp
  - RNFBCrashlytics (22.2.0):
    - Firebase/Crashlytics (= 11.12.0)
    - FirebaseCoreExtension
    - React-Core
    - RNFBApp
  - RNFBMessaging (23.2.0):
    - Firebase/Messaging (= 11.12.0)
    - FirebaseCoreExtension
    - React-Core
    - RNFBApp
  - RNFBPerf (22.2.0):
    - Firebase/Performance (= 11.12.0)
    - React-Core
    - RNFBApp
  - RNFBRemoteConfig (22.2.0):
    - Firebase/RemoteConfig (= 11.12.0)
    - React-Core
    - RNFBApp
  - RNFileViewer (2.1.5):
    - React-Core
  - RNFS (2.20.0):
    - React-Core
  - RNGestureHandler (2.12.1):
    - React-Core
  - RNImageCropPicker (0.39.0):
    - React-Core
    - React-RCTImage
    - RNImageCropPicker/QBImagePickerController (= 0.39.0)
    - TOCropViewController
  - RNImageCropPicker/QBImagePickerController (0.39.0):
    - React-Core
    - React-RCTImage
    - TOCropViewController
  - RNInAppBrowser (3.7.0):
    - React-Core
  - RNKeychain (8.1.2):
    - React-Core
  - RNLocalize (2.2.6):
    - React-Core
  - RNNotifee (7.8.2):
    - React-Core
    - RNNotifee/NotifeeCore (= 7.8.2)
  - RNNotifee/NotifeeCore (7.8.2):
    - React-Core
  - RNPermissions (4.1.5):
    - React-Core
  - RNQrGenerator (1.4.0):
    - React
    - ZXingObjC
  - RNRate (1.2.12):
    - React-Core
  - RNReactNativeHapticFeedback (2.2.0):
    - React-Core
  - RNReanimated (3.6.1):
    - RCT-Folly (= 2021.07.22.00)
    - React-Core
    - ReactCommon/turbomodule/core
  - RNScreens (3.34.0):
    - RCT-Folly (= 2021.07.22.00)
    - React-Core
    - React-RCTImage
  - RNSecureRandom (1.0.1):
    - React
  - RNShare (10.2.1):
    - React-Core
  - RNSVG (14.1.0):
    - React-Core
  - RNVectorIcons (10.0.3):
    - RCT-Folly (= 2021.07.22.00)
    - React-Core
  - SocketRocket (0.6.1)
  - TOCropViewController (2.6.1)
  - VisionCamera (3.6.4):
    - React
    - React-callinvoker
    - React-Core
  - Yoga (1.14.0)
  - ZXingObjC (3.6.9):
    - ZXingObjC/All (= 3.6.9)
  - ZXingObjC/All (3.6.9)

DEPENDENCIES:
  - boost (from `../node_modules/react-native/third-party-podspecs/boost.podspec`)
  - "breez_sdk_liquid (from `../node_modules/@breeztech/react-native-breez-sdk-liquid`)"
  - BVLinearGradient (from `../node_modules/react-native-linear-gradient`)
  - DoubleConversion (from `../node_modules/react-native/third-party-podspecs/DoubleConversion.podspec`)
  - FBLazyVector (from `../node_modules/react-native/Libraries/FBLazyVector`)
  - FBReactNativeSpec (from `../node_modules/react-native/React/FBReactNativeSpec`)
  - FirebaseAppCheck
  - glog (from `../node_modules/react-native/third-party-podspecs/glog.podspec`)
  - hermes-engine (from `../node_modules/react-native/sdks/hermes-engine/hermes-engine.podspec`)
  - libevent (~> 2.1.12)
  - RCT-Folly (from `../node_modules/react-native/third-party-podspecs/RCT-Folly.podspec`)
  - RCTRequired (from `../node_modules/react-native/Libraries/RCTRequired`)
  - RCTTypeSafety (from `../node_modules/react-native/Libraries/TypeSafety`)
  - React (from `../node_modules/react-native/`)
  - React-callinvoker (from `../node_modules/react-native/ReactCommon/callinvoker`)
  - React-Codegen (from `build/generated/ios`)
  - React-Core (from `../node_modules/react-native/`)
  - React-Core/RCTWebSocket (from `../node_modules/react-native/`)
  - React-CoreModules (from `../node_modules/react-native/React/CoreModules`)
  - React-cxxreact (from `../node_modules/react-native/ReactCommon/cxxreact`)
  - React-debug (from `../node_modules/react-native/ReactCommon/react/debug`)
  - React-hermes (from `../node_modules/react-native/ReactCommon/hermes`)
  - React-jsi (from `../node_modules/react-native/ReactCommon/jsi`)
  - React-jsiexecutor (from `../node_modules/react-native/ReactCommon/jsiexecutor`)
  - React-jsinspector (from `../node_modules/react-native/ReactCommon/jsinspector`)
  - React-logger (from `../node_modules/react-native/ReactCommon/logger`)
  - react-native-aes (from `../node_modules/react-native-aes-crypto`)
  - react-native-config (from `../node_modules/react-native-config`)
  - react-native-date-picker (from `../node_modules/react-native-date-picker`)
  - react-native-document-picker (from `../node_modules/react-native-document-picker`)
  - react-native-fingerprint-scanner (from `../node_modules/react-native-fingerprint-scanner`)
  - "react-native-geetest-module (from `../node_modules/@galoymoney/react-native-geetest-module`)"
  - react-native-get-random-values (from `../node_modules/react-native-get-random-values`)
  - react-native-html-to-pdf (from `../node_modules/react-native-html-to-pdf`)
  - react-native-image-picker (from `../node_modules/react-native-image-picker`)
  - react-native-in-app-review (from `../node_modules/react-native-in-app-review`)
  - react-native-maps (from `../node_modules/react-native-maps`)
  - react-native-nfc-manager (from `../node_modules/react-native-nfc-manager`)
  - react-native-pager-view (from `../node_modules/react-native-pager-view`)
  - react-native-quick-crypto (from `../node_modules/react-native-quick-crypto`)
  - react-native-randombytes (from `../node_modules/react-native-randombytes`)
  - react-native-safe-area-context (from `../node_modules/react-native-safe-area-context`)
  - react-native-secure-key-store (from `../node_modules/react-native-secure-key-store`)
  - "react-native-slider (from `../node_modules/@react-native-community/slider`)"
  - react-native-video (from `../node_modules/react-native-video`)
  - react-native-view-shot (from `../node_modules/react-native-view-shot`)
  - react-native-webview (from `../node_modules/react-native-webview`)
  - React-NativeModulesApple (from `../node_modules/react-native/ReactCommon/react/nativemodule/core/platform/ios`)
  - React-perflogger (from `../node_modules/react-native/ReactCommon/reactperflogger`)
  - React-RCTActionSheet (from `../node_modules/react-native/Libraries/ActionSheetIOS`)
  - React-RCTAnimation (from `../node_modules/react-native/Libraries/NativeAnimation`)
  - React-RCTAppDelegate (from `../node_modules/react-native/Libraries/AppDelegate`)
  - React-RCTBlob (from `../node_modules/react-native/Libraries/Blob`)
  - React-RCTImage (from `../node_modules/react-native/Libraries/Image`)
  - React-RCTLinking (from `../node_modules/react-native/Libraries/LinkingIOS`)
  - React-RCTNetwork (from `../node_modules/react-native/Libraries/Network`)
  - React-RCTSettings (from `../node_modules/react-native/Libraries/Settings`)
  - React-RCTText (from `../node_modules/react-native/Libraries/Text`)
  - React-RCTVibration (from `../node_modules/react-native/Libraries/Vibration`)
  - React-rncore (from `../node_modules/react-native/ReactCommon`)
  - React-runtimeexecutor (from `../node_modules/react-native/ReactCommon/runtimeexecutor`)
  - React-runtimescheduler (from `../node_modules/react-native/ReactCommon/react/renderer/runtimescheduler`)
  - React-utils (from `../node_modules/react-native/ReactCommon/react/utils`)
  - ReactCommon/turbomodule/core (from `../node_modules/react-native/ReactCommon`)
  - RNBootSplash (from `../node_modules/react-native-bootsplash`)
  - "RNCAsyncStorage (from `../node_modules/@react-native-async-storage/async-storage`)"
  - "RNCClipboard (from `../node_modules/@react-native-clipboard/clipboard`)"
  - "RNDateTimePicker (from `../node_modules/@react-native-community/datetimepicker`)"
  - RNDeviceInfo (from `../node_modules/react-native-device-info`)
  - "RNFBAnalytics (from `../node_modules/@react-native-firebase/analytics`)"
  - "RNFBApp (from `../node_modules/@react-native-firebase/app`)"
  - "RNFBAppCheck (from `../node_modules/@react-native-firebase/app-check`)"
  - "RNFBCrashlytics (from `../node_modules/@react-native-firebase/crashlytics`)"
  - "RNFBMessaging (from `../node_modules/@react-native-firebase/messaging`)"
  - "RNFBPerf (from `../node_modules/@react-native-firebase/perf`)"
  - "RNFBRemoteConfig (from `../node_modules/@react-native-firebase/remote-config`)"
  - RNFileViewer (from `../node_modules/react-native-file-viewer`)
  - RNFS (from `../node_modules/react-native-fs`)
  - RNGestureHandler (from `../node_modules/react-native-gesture-handler`)
  - RNImageCropPicker (from `../node_modules/react-native-image-crop-picker`)
  - RNInAppBrowser (from `../node_modules/react-native-inappbrowser-reborn`)
  - RNKeychain (from `../node_modules/react-native-keychain`)
  - RNLocalize (from `../node_modules/react-native-localize`)
  - "RNNotifee (from `../node_modules/@notifee/react-native`)"
  - RNPermissions (from `../node_modules/react-native-permissions`)
  - RNQrGenerator (from `../node_modules/rn-qr-generator`)
  - RNRate (from `../node_modules/react-native-rate`)
  - RNReactNativeHapticFeedback (from `../node_modules/react-native-haptic-feedback`)
  - RNReanimated (from `../node_modules/react-native-reanimated`)
  - RNScreens (from `../node_modules/react-native-screens`)
  - RNSecureRandom (from `../node_modules/react-native-securerandom`)
  - RNShare (from `../node_modules/react-native-share`)
  - RNSVG (from `../node_modules/react-native-svg`)
  - RNVectorIcons (from `../node_modules/react-native-vector-icons`)
  - TOCropViewController (~> 2.6.0)
  - VisionCamera (from `../node_modules/react-native-vision-camera`)
  - Yoga (from `../node_modules/react-native/ReactCommon/yoga`)

SPEC REPOS:
  trunk:
    - AppCheckCore
    - breez_sdk_liquidFFI
    - BreezSDKLiquid
    - Firebase
    - FirebaseABTesting
    - FirebaseAnalytics
    - FirebaseAppCheck
    - FirebaseAppCheckInterop
    - FirebaseCore
    - FirebaseCoreExtension
    - FirebaseCoreInternal
    - FirebaseCrashlytics
    - FirebaseInstallations
    - FirebaseMessaging
    - FirebasePerformance
    - FirebaseRemoteConfig
    - FirebaseRemoteConfigInterop
    - FirebaseSessions
    - FirebaseSharedSwift
    - fmt
    - GoogleAppMeasurement
    - GoogleDataTransport
    - GoogleUtilities
    - GT3Captcha-iOS
    - libevent
    - nanopb
    - OpenSSL-Universal
    - PromisesObjC
    - PromisesSwift
    - SocketRocket
    - TOCropViewController
    - ZXingObjC

EXTERNAL SOURCES:
  boost:
    :podspec: "../node_modules/react-native/third-party-podspecs/boost.podspec"
  breez_sdk_liquid:
    :path: "../node_modules/@breeztech/react-native-breez-sdk-liquid"
  BVLinearGradient:
    :path: "../node_modules/react-native-linear-gradient"
  DoubleConversion:
    :podspec: "../node_modules/react-native/third-party-podspecs/DoubleConversion.podspec"
  FBLazyVector:
    :path: "../node_modules/react-native/Libraries/FBLazyVector"
  FBReactNativeSpec:
    :path: "../node_modules/react-native/React/FBReactNativeSpec"
  glog:
    :podspec: "../node_modules/react-native/third-party-podspecs/glog.podspec"
  hermes-engine:
    :podspec: "../node_modules/react-native/sdks/hermes-engine/hermes-engine.podspec"
  RCT-Folly:
    :podspec: "../node_modules/react-native/third-party-podspecs/RCT-Folly.podspec"
  RCTRequired:
    :path: "../node_modules/react-native/Libraries/RCTRequired"
  RCTTypeSafety:
    :path: "../node_modules/react-native/Libraries/TypeSafety"
  React:
    :path: "../node_modules/react-native/"
  React-callinvoker:
    :path: "../node_modules/react-native/ReactCommon/callinvoker"
  React-Codegen:
    :path: build/generated/ios
  React-Core:
    :path: "../node_modules/react-native/"
  React-CoreModules:
    :path: "../node_modules/react-native/React/CoreModules"
  React-cxxreact:
    :path: "../node_modules/react-native/ReactCommon/cxxreact"
  React-debug:
    :path: "../node_modules/react-native/ReactCommon/react/debug"
  React-hermes:
    :path: "../node_modules/react-native/ReactCommon/hermes"
  React-jsi:
    :path: "../node_modules/react-native/ReactCommon/jsi"
  React-jsiexecutor:
    :path: "../node_modules/react-native/ReactCommon/jsiexecutor"
  React-jsinspector:
    :path: "../node_modules/react-native/ReactCommon/jsinspector"
  React-logger:
    :path: "../node_modules/react-native/ReactCommon/logger"
  react-native-aes:
    :path: "../node_modules/react-native-aes-crypto"
  react-native-config:
    :path: "../node_modules/react-native-config"
  react-native-date-picker:
    :path: "../node_modules/react-native-date-picker"
  react-native-document-picker:
    :path: "../node_modules/react-native-document-picker"
  react-native-fingerprint-scanner:
    :path: "../node_modules/react-native-fingerprint-scanner"
  react-native-geetest-module:
    :path: "../node_modules/@galoymoney/react-native-geetest-module"
  react-native-get-random-values:
    :path: "../node_modules/react-native-get-random-values"
  react-native-html-to-pdf:
    :path: "../node_modules/react-native-html-to-pdf"
  react-native-image-picker:
    :path: "../node_modules/react-native-image-picker"
  react-native-in-app-review:
    :path: "../node_modules/react-native-in-app-review"
  react-native-maps:
    :path: "../node_modules/react-native-maps"
  react-native-nfc-manager:
    :path: "../node_modules/react-native-nfc-manager"
  react-native-pager-view:
    :path: "../node_modules/react-native-pager-view"
  react-native-quick-crypto:
    :path: "../node_modules/react-native-quick-crypto"
  react-native-randombytes:
    :path: "../node_modules/react-native-randombytes"
  react-native-safe-area-context:
    :path: "../node_modules/react-native-safe-area-context"
  react-native-secure-key-store:
    :path: "../node_modules/react-native-secure-key-store"
  react-native-slider:
    :path: "../node_modules/@react-native-community/slider"
  react-native-video:
    :path: "../node_modules/react-native-video"
  react-native-view-shot:
    :path: "../node_modules/react-native-view-shot"
  react-native-webview:
    :path: "../node_modules/react-native-webview"
  React-NativeModulesApple:
    :path: "../node_modules/react-native/ReactCommon/react/nativemodule/core/platform/ios"
  React-perflogger:
    :path: "../node_modules/react-native/ReactCommon/reactperflogger"
  React-RCTActionSheet:
    :path: "../node_modules/react-native/Libraries/ActionSheetIOS"
  React-RCTAnimation:
    :path: "../node_modules/react-native/Libraries/NativeAnimation"
  React-RCTAppDelegate:
    :path: "../node_modules/react-native/Libraries/AppDelegate"
  React-RCTBlob:
    :path: "../node_modules/react-native/Libraries/Blob"
  React-RCTImage:
    :path: "../node_modules/react-native/Libraries/Image"
  React-RCTLinking:
    :path: "../node_modules/react-native/Libraries/LinkingIOS"
  React-RCTNetwork:
    :path: "../node_modules/react-native/Libraries/Network"
  React-RCTSettings:
    :path: "../node_modules/react-native/Libraries/Settings"
  React-RCTText:
    :path: "../node_modules/react-native/Libraries/Text"
  React-RCTVibration:
    :path: "../node_modules/react-native/Libraries/Vibration"
  React-rncore:
    :path: "../node_modules/react-native/ReactCommon"
  React-runtimeexecutor:
    :path: "../node_modules/react-native/ReactCommon/runtimeexecutor"
  React-runtimescheduler:
    :path: "../node_modules/react-native/ReactCommon/react/renderer/runtimescheduler"
  React-utils:
    :path: "../node_modules/react-native/ReactCommon/react/utils"
  ReactCommon:
    :path: "../node_modules/react-native/ReactCommon"
  RNBootSplash:
    :path: "../node_modules/react-native-bootsplash"
  RNCAsyncStorage:
    :path: "../node_modules/@react-native-async-storage/async-storage"
  RNCClipboard:
    :path: "../node_modules/@react-native-clipboard/clipboard"
  RNDateTimePicker:
    :path: "../node_modules/@react-native-community/datetimepicker"
  RNDeviceInfo:
    :path: "../node_modules/react-native-device-info"
  RNFBAnalytics:
    :path: "../node_modules/@react-native-firebase/analytics"
  RNFBApp:
    :path: "../node_modules/@react-native-firebase/app"
  RNFBAppCheck:
    :path: "../node_modules/@react-native-firebase/app-check"
  RNFBCrashlytics:
    :path: "../node_modules/@react-native-firebase/crashlytics"
  RNFBMessaging:
    :path: "../node_modules/@react-native-firebase/messaging"
  RNFBPerf:
    :path: "../node_modules/@react-native-firebase/perf"
  RNFBRemoteConfig:
    :path: "../node_modules/@react-native-firebase/remote-config"
  RNFileViewer:
    :path: "../node_modules/react-native-file-viewer"
  RNFS:
    :path: "../node_modules/react-native-fs"
  RNGestureHandler:
    :path: "../node_modules/react-native-gesture-handler"
  RNImageCropPicker:
    :path: "../node_modules/react-native-image-crop-picker"
  RNInAppBrowser:
    :path: "../node_modules/react-native-inappbrowser-reborn"
  RNKeychain:
    :path: "../node_modules/react-native-keychain"
  RNLocalize:
    :path: "../node_modules/react-native-localize"
  RNNotifee:
    :path: "../node_modules/@notifee/react-native"
  RNPermissions:
    :path: "../node_modules/react-native-permissions"
  RNQrGenerator:
    :path: "../node_modules/rn-qr-generator"
  RNRate:
    :path: "../node_modules/react-native-rate"
  RNReactNativeHapticFeedback:
    :path: "../node_modules/react-native-haptic-feedback"
  RNReanimated:
    :path: "../node_modules/react-native-reanimated"
  RNScreens:
    :path: "../node_modules/react-native-screens"
  RNSecureRandom:
    :path: "../node_modules/react-native-securerandom"
  RNShare:
    :path: "../node_modules/react-native-share"
  RNSVG:
    :path: "../node_modules/react-native-svg"
  RNVectorIcons:
    :path: "../node_modules/react-native-vector-icons"
  VisionCamera:
    :path: "../node_modules/react-native-vision-camera"
  Yoga:
    :path: "../node_modules/react-native/ReactCommon/yoga"

SPEC CHECKSUMS:
  AppCheckCore: cc8fd0a3a230ddd401f326489c99990b013f0c4f
  boost: 7dcd2de282d72e344012f7d6564d024930a6a440
  breez_sdk_liquid: 481504dda7faf1e6a66208fa9b451e307079113e
  breez_sdk_liquidFFI: 1091fe9e2d677e7c3b0296848037338b419d0405
  BreezSDKLiquid: ebab2b6ffdbf45986b193624c0b37d2a5eb65b24
  BVLinearGradient: cb006ba232a1f3e4f341bb62c42d1098c284da70
  DoubleConversion: 5189b271737e1565bdce30deb4a08d647e3f5f54
  FBLazyVector: dc178b8748748c036ef9493a5d59d6d1f91a36ce
  FBReactNativeSpec: d0aaae78e93c89dc2d691d8052a4d2aeb1b461ee
  Firebase: 735108d2d0b67827cd929bfe8254983907c4479f
  FirebaseABTesting: 01b54808f64fda9d96adc2653bc393e88e21f0da
  FirebaseAnalytics: 2979c21ead00c520feff30db97ebadd669442f2a
  FirebaseAppCheck: 1b22d24ce41cf20cca9c07894b6312ab0c8ec0d0
  FirebaseAppCheckInterop: 06fe5a3799278ae4667e6c432edd86b1030fa3df
  FirebaseCore: 9d7a0caf39ec7317fbe13b3c7864c8c2acc60da8
  FirebaseCoreExtension: 5e42645fd3f7c2c59ea5ed7641dd58f02bc565d1
  FirebaseCoreInternal: 480d23e21f699cc7bcbc3d8eaa301f15d1e3ffaf
  FirebaseCrashlytics: 90ea664e2b9dcf1aa5087ec6f684e9a0035d2378
  FirebaseInstallations: 41189d8b11007152d9e46ec844019f38a0a4282a
  FirebaseMessaging: 3a5de79d8dce82b70815123c05dfb8825111f15d
  FirebasePerformance: 3cc783a6257bd41b708081a15865850fbfd7bf9e
  FirebaseRemoteConfig: f0321eeb86f5463769c413bf626cece893a0a8ef
  FirebaseRemoteConfigInterop: 1c6135e8a094cc6368949f5faeeca7ee8948b8aa
  FirebaseSessions: 2c0ea8956085570415601d64cc7ebe83c8dd5c93
  FirebaseSharedSwift: e17c654ef1f1a616b0b33054e663ad1035c8fd40
  fmt: ff9d55029c625d3757ed641535fd4a75fedc7ce9
  glog: 04b94705f318337d7ead9e6d17c019bd9b1f6b1b
  GoogleAppMeasurement: 6ee0ee888bb1db802c49049001adb4013d7fe41b
  GoogleDataTransport: aae35b7ea0c09004c3797d53c8c41f66f219d6a7
  GoogleUtilities: 00c88b9a86066ef77f0da2fab05f65d7768ed8e1
  GT3Captcha-iOS: aeb6fed2e8594099821430a89208679e5a55b740
  hermes-engine: 9b9bb14184a11b8ceb4131b09abf634880f0f46d
  libevent: 4049cae6c81cdb3654a443be001fb9bdceff7913
  nanopb: fad817b59e0457d11a5dfbde799381cd727c1275
  OpenSSL-Universal: 6082b0bf950e5636fe0d78def171184e2b3899c2
  PromisesObjC: f5707f49cb48b9636751c5b2e7d227e43fba9f47
  PromisesSwift: 9d77319bbe72ebf6d872900551f7eeba9bce2851
  RCT-Folly: 8dc08ca5a393b48b1c523ab6220dfdcc0fe000ad
  RCTRequired: f30c3213569b1dc43659ecc549a6536e1e11139e
  RCTTypeSafety: e1ed3137728804fa98bce30b70e3da0b8e23054e
  React: 54070abee263d5773486987f1cf3a3616710ed52
  React-callinvoker: 794ea19cc4d8ce25921893141e131b9d6b7d02eb
  React-Codegen: 4185ac49af51a05866506148578bbc33ed7a5d48
  React-Core: e7bf52760c40cde786ad2b6244c2e37779a05116
  React-CoreModules: 1d1f0fca9091fbd0bbebbbd8db5e7bf1b5ed1336
  React-cxxreact: f52f3a7c8361c005ac4776737b5cf04b94b87852
  React-debug: 4dca41301a67ab2916b2c99bef60344a7b653ac5
  React-hermes: 55ccf2ba061d95710aba21855925d82c8382c51d
  React-jsi: 90d3d603f15e7284f056ee0eebac8174d49a51f2
  React-jsiexecutor: d0e8687f75e16c63c2f5bbe51f58bdbebe9df4b2
  React-jsinspector: 54205b269da20c51417e0fc02c4cde9f29a4bf1a
  React-logger: 81785c91d2fcc517657ff456c106c6d8e9ec4110
  react-native-aes: bed3ca6c47c5a5ebd5bac683efdf737c874f6d3f
  react-native-config: 136f9755ccc991cc6438053a44363259ad4c7813
  react-native-date-picker: 585252087d4820b4cd8f2cf80068f6e8f5b72413
  react-native-document-picker: 74f5ca4179532f9ff205275990af514d1f2e22d8
  react-native-fingerprint-scanner: 91bf6825709dd7bd3abc4588a4772eb097a2b2d8
  react-native-geetest-module: cecd5dfca2c7f815a8e724c11137b35c92e900d3
  react-native-get-random-values: ce0b8796c99e2b85e3202bd500b1ef286a17a02e
  react-native-html-to-pdf: 7a49e6c58ac5221bcc093027b195f4b214f27a9d
  react-native-image-picker: 7a3502135a13fc56d406f5213b7346de6bc5f38b
  react-native-in-app-review: b3d1eed3d1596ebf6539804778272c4c65e4a400
  react-native-maps: 2173cbaddcef764af9a8ed56883b7672d6fc8337
  react-native-nfc-manager: ab799bdeecbb12b199bccdb0065cbb4d3271c1e4
  react-native-pager-view: 8f36f88437684bf5ea86f9172a91c266d99b975f
  react-native-quick-crypto: 1daacdde8771548da81d783a1778aba55a7bbf8c
  react-native-randombytes: 3c8f3e89d12487fd03a2f966c288d495415fc116
  react-native-safe-area-context: bf9d9d58f0f6726d4a6257088044c2595017579d
  react-native-secure-key-store: eb45b44bdec3f48e9be5cdfca0f49ddf64892ea6
  react-native-slider: 2ee855f44d8024139690ad4581cec2d51c616456
  react-native-video: 2aad0d963bf3952bd9ebb2f53fab799338e8e202
  react-native-view-shot: d1a701eb0719c6dccbd20b4bb43b1069f304cb70
  react-native-webview: 11105d80264df1a56fbbb0c774311a52bb287388
  React-NativeModulesApple: 6cc32bf0a8dc0a9de48878ccca14788bbe5e4fc6
  React-perflogger: cb433f318c6667060fc1f62e26eb58d6eb30a627
  React-RCTActionSheet: 0af3f8ac067e8a1dde902810b7ad169d0a0ec31e
  React-RCTAnimation: 453a88e76ba6cb49819686acd8b21ce4d9ee4232
  React-RCTAppDelegate: ea1a038363779239c8755c90b4daf64e5501ba29
  React-RCTBlob: 37b58ca9b7495452e074e047896cd56b9f554172
  React-RCTImage: 8e059fbdfab18b86127424dc3742532aab960760
  React-RCTLinking: 05ae2aa525b21a7f1c5069c14330700f470efd97
  React-RCTNetwork: 7ed9d99d028c53e9a23e318f65937f499ba8a6fd
  React-RCTSettings: 8b12ebf04d4baa0e259017fcef6cf7abd7d8ac51
  React-RCTText: a062ade9ff1591c46bcb6c5055fd4f96c154b8aa
  React-RCTVibration: 87c490b6f01746ab8f9b4e555f514cc030c06731
  React-rncore: 140bc11b316da7003bf039844aef39e1c242d7ad
  React-runtimeexecutor: 226ebef5f625878d3028b196cbecbbdeb6f208e4
  React-runtimescheduler: 7d1ccbf849f7555bd2a7722f7cfad0d1930a7e2a
  React-utils: 91c44ba497ce661c8b132eba747a93936ea557b3
  ReactCommon: 9b8ce41770a295df8c3d2cbefa82896e4caeffbb
  RNBootSplash: 21095c4567847829470786b03b6892c5efed5299
  RNCAsyncStorage: a03b770a50541a761447cea9c24536047832124d
  RNCClipboard: 4abb037e8fe3b98a952564c9e0474f91c492df6d
  RNDateTimePicker: 47b54bf36a41c29d75ac62a05af1b38a9a721631
  RNDeviceInfo: addb9b427c2822a2d8e94c87a136a224e0af738c
  RNFBAnalytics: 81e00e4209b0a6268c2a8b262d7e451493bda824
  RNFBApp: 2b2bb0f17eb6732e2e90d9c57bfde443cd7fc681
  RNFBAppCheck: 6e2df9110387283d00ff126d3903c9f79987d1c8
  RNFBCrashlytics: 266758adee95705af20f106c767e19588a5de665
  RNFBMessaging: b3b22d917c233548019035d14d2e91cbb984ca6c
  RNFBPerf: 594a4c7bb12fb68e920e101192539da748973da8
  RNFBRemoteConfig: 4842e7c1b0bb8d2f9c2acc3b811e6395eddfe550
  RNFileViewer: 4b5d83358214347e4ab2d4ca8d5c1c90d869e251
  RNFS: 89de7d7f4c0f6bafa05343c578f61118c8282ed8
  RNGestureHandler: 627182485becfd74f122c83f93cce2be20c2e8c8
  RNImageCropPicker: 874e26cbf0ce9d06a11002cbadf29c8b7f2f5565
  RNInAppBrowser: 6d3eb68d471b9834335c664704719b8be1bfdb20
  RNKeychain: df33ae4d27df06622fc14190b790ba8749f6be76
  RNLocalize: 8bf466de4c92d4721b254aabe1ff0a1456e7b9f4
  RNNotifee: 8768d065bf1e2f9f8f347b4bd79147431c7eacd6
  RNPermissions: 4f7b81b0d457c8ec4e892cc36ef2376734a4b22c
  RNQrGenerator: 60eab4f7c9e3f09db78029636fe356dca5cb585f
  RNRate: 7641919330e0d6688ad885a985b4bd697ed7d14c
  RNReactNativeHapticFeedback: a6fb5b7a981683bf58af43e3fb827d4b7ed87f83
  RNReanimated: 49a1e0d191bdaefe1b394eb258bc52a42bcf704c
  RNScreens: eba87b2d65a88554e07def9a36670048588c9d3c
  RNSecureRandom: b64d263529492a6897e236a22a2c4249aa1b53dc
  RNShare: 694e19d7f74ac4c04de3a8af0649e9ccc03bd8b1
  RNSVG: 6d5ed33b6635ed6d6ecb50744dcf127580c39ed5
  RNVectorIcons: 2bb1ff267624f4e79188d65908c959fd284c5003
  SocketRocket: f32cd54efbe0f095c4d7594881e52619cfe80b17
  TOCropViewController: edfd4f25713d56905ad1e0b9f5be3fbe0f59c863
  VisionCamera: 29095ffe0a146b6254c3db34636d10298b169f36
  Yoga: eddf2bbe4a896454c248a8f23b4355891eb720a6
  ZXingObjC: 8898711ab495761b2dbbdec76d90164a6d7e14c5

PODFILE CHECKSUM: e78c17bb71c7389aa352dc9b2ba4a94a20934c80

COCOAPODS: 1.16.2
